
Microsoft Visual Studio Solution File, Format Version 12.00
# Visual Studio Version 17
VisualStudioVersion = 17.9.34714.143
MinimumVisualStudioVersion = 10.0.40219.1
Project("{FAE04EC0-301F-11D3-BF4B-00C04F79EFBC}") = "CalculatorApp", "CalculatorApp\CalculatorApp.csproj", "{47AF0B69-161F-4EB2-85A4-FACA7DF49613}"
EndProject
Project("{FAE04EC0-301F-11D3-BF4B-00C04F79EFBC}") = "UnitTestCalculator", "UnitTestCalculator\UnitTestCalculator.csproj", "{213B05DC-5F46-4F13-B2E8-94B64B28FEE0}"
EndProject
Project("{54435603-DBB4-11D2-8724-00A0C9A8B90C}") = "Calculator_Setup", "Calculator_Setup\Calculator_Setup.vdproj", "{F6B74B38-8394-45EB-BCEF-28F945DFAE45}"
EndProject
Project("{2150E333-8FDC-42A3-9474-1A3956D46DE8}") = "Plan", "Plan", "{4C8A7210-2742-4C9D-9285-019F79CC370B}"
	ProjectSection(SolutionItems) = preProject
		DIVISION OF TASKS.txt = DIVISION OF TASKS.txt
	EndProjectSection
EndProject
Global
	GlobalSection(SolutionConfigurationPlatforms) = preSolution
		Debug|Any CPU = Debug|Any CPU
		Release|Any CPU = Release|Any CPU
	EndGlobalSection
	GlobalSection(ProjectConfigurationPlatforms) = postSolution
		{47AF0B69-161F-4EB2-85A4-FACA7DF49613}.Debug|Any CPU.ActiveCfg = Debug|Any CPU
		{47AF0B69-161F-4EB2-85A4-FACA7DF49613}.Debug|Any CPU.Build.0 = Debug|Any CPU
		{47AF0B69-161F-4EB2-85A4-FACA7DF49613}.Release|Any CPU.ActiveCfg = Release|Any CPU
		{47AF0B69-161F-4EB2-85A4-FACA7DF49613}.Release|Any CPU.Build.0 = Release|Any CPU
		{213B05DC-5F46-4F13-B2E8-94B64B28FEE0}.Debug|Any CPU.ActiveCfg = Debug|Any CPU
		{213B05DC-5F46-4F13-B2E8-94B64B28FEE0}.Debug|Any CPU.Build.0 = Debug|Any CPU
		{213B05DC-5F46-4F13-B2E8-94B64B28FEE0}.Release|Any CPU.ActiveCfg = Release|Any CPU
		{213B05DC-5F46-4F13-B2E8-94B64B28FEE0}.Release|Any CPU.Build.0 = Release|Any CPU
		{F6B74B38-8394-45EB-BCEF-28F945DFAE45}.Debug|Any CPU.ActiveCfg = Debug
		{F6B74B38-8394-45EB-BCEF-28F945DFAE45}.Release|Any CPU.ActiveCfg = Release
	EndGlobalSection
	GlobalSection(SolutionProperties) = preSolution
		HideSolutionNode = FALSE
	EndGlobalSection
	GlobalSection(ExtensibilityGlobals) = postSolution
		SolutionGuid = {D35ABA7D-E73E-4436-A2AB-CFA631CB2FBA}
	EndGlobalSection
EndGlobal
